// !$*UTF8*$!
{
	archiveVersion = 1;
	classes = {
	};
	objectVersion = 46;
	objects = {

/* Begin PBXBuildFile section */
		832D956E19D090610083BC87 /* main.m in Sources */ = {isa = PBXBuildFile; fileRef = 832D956D19D090610083BC87 /* main.m */; };
		832D957119D090610083BC87 /* AppDelegate.m in Sources */ = {isa = PBXBuildFile; fileRef = 832D957019D090610083BC87 /* AppDelegate.m */; };
		832D957419D090610083BC87 /* ViewController.m in Sources */ = {isa = PBXBuildFile; fileRef = 832D957319D090610083BC87 /* ViewController.m */; };
		832D957719D090610083BC87 /* Main.storyboard in Resources */ = {isa = PBXBuildFile; fileRef = 832D957519D090610083BC87 /* Main.storyboard */; };
		832D957919D090610083BC87 /* Images.xcassets in Resources */ = {isa = PBXBuildFile; fileRef = 832D957819D090610083BC87 /* Images.xcassets */; };
		832D957C19D090610083BC87 /* LaunchScreen.xib in Resources */ = {isa = PBXBuildFile; fileRef = 832D957A19D090610083BC87 /* LaunchScreen.xib */; };
		832D958819D090620083BC87 /* OperationTestObjCTests.m in Sources */ = {isa = PBXBuildFile; fileRef = 832D958719D090620083BC87 /* OperationTestObjCTests.m */; };
		832D959319D090A10083BC87 /* GoodAsynchronousOperation.m in Sources */ = {isa = PBXBuildFile; fileRef = 832D959219D090A10083BC87 /* GoodAsynchronousOperation.m */; };
		832D959419D090A10083BC87 /* GoodAsynchronousOperation.m in Sources */ = {isa = PBXBuildFile; fileRef = 832D959219D090A10083BC87 /* GoodAsynchronousOperation.m */; };
		832D959719D090B30083BC87 /* BadAsynchronousOperation.m in Sources */ = {isa = PBXBuildFile; fileRef = 832D959619D090B30083BC87 /* BadAsynchronousOperation.m */; };
		832D959819D090B30083BC87 /* BadAsynchronousOperation.m in Sources */ = {isa = PBXBuildFile; fileRef = 832D959619D090B30083BC87 /* BadAsynchronousOperation.m */; };
/* End PBXBuildFile section */

/* Begin PBXContainerItemProxy section */
		832D958219D090620083BC87 /* PBXContainerItemProxy */ = {
			isa = PBXContainerItemProxy;
			containerPortal = 832D956019D090610083BC87 /* Project object */;
			proxyType = 1;
			remoteGlobalIDString = 832D956719D090610083BC87;
			remoteInfo = OperationTestObjC;
		};
/* End PBXContainerItemProxy section */

/* Begin PBXFileReference section */
		832D956819D090610083BC87 /* OperationTestObjC.app */ = {isa = PBXFileReference; explicitFileType = wrapper.application; includeInIndex = 0; path = OperationTestObjC.app; sourceTree = BUILT_PRODUCTS_DIR; };
		832D956C19D090610083BC87 /* Info.plist */ = {isa = PBXFileReference; lastKnownFileType = text.plist.xml; path = Info.plist; sourceTree = "<group>"; };
		832D956D19D090610083BC87 /* main.m */ = {isa = PBXFileReference; lastKnownFileType = sourcecode.c.objc; path = main.m; sourceTree = "<group>"; };
		832D956F19D090610083BC87 /* AppDelegate.h */ = {isa = PBXFileReference; lastKnownFileType = sourcecode.c.h; path = AppDelegate.h; sourceTree = "<group>"; };
		832D957019D090610083BC87 /* AppDelegate.m */ = {isa = PBXFileReference; lastKnownFileType = sourcecode.c.objc; path = AppDelegate.m; sourceTree = "<group>"; };
		832D957219D090610083BC87 /* ViewController.h */ = {isa = PBXFileReference; lastKnownFileType = sourcecode.c.h; path = ViewController.h; sourceTree = "<group>"; };
		832D957319D090610083BC87 /* ViewController.m */ = {isa = PBXFileReference; lastKnownFileType = sourcecode.c.objc; path = ViewController.m; sourceTree = "<group>"; };
		832D957619D090610083BC87 /* Base */ = {isa = PBXFileReference; lastKnownFileType = file.storyboard; name = Base; path = Base.lproj/Main.storyboard; sourceTree = "<group>"; };
		832D957819D090610083BC87 /* Images.xcassets */ = {isa = PBXFileReference; lastKnownFileType = folder.assetcatalog; path = Images.xcassets; sourceTree = "<group>"; };
		832D957B19D090610083BC87 /* Base */ = {isa = PBXFileReference; lastKnownFileType = file.xib; name = Base; path = Base.lproj/LaunchScreen.xib; sourceTree = "<group>"; };
		832D958119D090620083BC87 /* OperationTestObjCTests.xctest */ = {isa = PBXFileReference; explicitFileType = wrapper.cfbundle; includeInIndex = 0; path = OperationTestObjCTests.xctest; sourceTree = BUILT_PRODUCTS_DIR; };
		832D958619D090620083BC87 /* Info.plist */ = {isa = PBXFileReference; lastKnownFileType = text.plist.xml; path = Info.plist; sourceTree = "<group>"; };
		832D958719D090620083BC87 /* OperationTestObjCTests.m */ = {isa = PBXFileReference; lastKnownFileType = sourcecode.c.objc; path = OperationTestObjCTests.m; sourceTree = "<group>"; };
		832D959119D090A10083BC87 /* GoodAsynchronousOperation.h */ = {isa = PBXFileReference; fileEncoding = 4; lastKnownFileType = sourcecode.c.h; path = GoodAsynchronousOperation.h; sourceTree = "<group>"; };
		832D959219D090A10083BC87 /* GoodAsynchronousOperation.m */ = {isa = PBXFileReference; fileEncoding = 4; lastKnownFileType = sourcecode.c.objc; path = GoodAsynchronousOperation.m; sourceTree = "<group>"; };
		832D959519D090B30083BC87 /* BadAsynchronousOperation.h */ = {isa = PBXFileReference; fileEncoding = 4; lastKnownFileType = sourcecode.c.h; path = BadAsynchronousOperation.h; sourceTree = "<group>"; };
		832D959619D090B30083BC87 /* BadAsynchronousOperation.m */ = {isa = PBXFileReference; fileEncoding = 4; lastKnownFileType = sourcecode.c.objc; path = BadAsynchronousOperation.m; sourceTree = "<group>"; };
		832D959919D0954B0083BC87 /* README.md */ = {isa = PBXFileReference; lastKnownFileType = net.daringfireball.markdown; path = README.md; sourceTree = "<group>"; };
/* End PBXFileReference section */

/* Begin PBXFrameworksBuildPhase section */
		832D956519D090610083BC87 /* Frameworks */ = {
			isa = PBXFrameworksBuildPhase;
			buildActionMask = 2147483647;
			files = (
			);
			runOnlyForDeploymentPostprocessing = 0;
		};
		832D957E19D090620083BC87 /* Frameworks */ = {
			isa = PBXFrameworksBuildPhase;
			buildActionMask = 2147483647;
			files = (
			);
			runOnlyForDeploymentPostprocessing = 0;
		};
/* End PBXFrameworksBuildPhase section */

/* Begin PBXGroup section */
		832D955F19D090610083BC87 = {
			isa = PBXGroup;
			children = (
				832D959919D0954B0083BC87 /* README.md */,
				832D956A19D090610083BC87 /* OperationTestObjC */,
				832D958419D090620083BC87 /* OperationTestObjCTests */,
				832D956919D090610083BC87 /* Products */,
			);
			sourceTree = "<group>";
		};
		832D956919D090610083BC87 /* Products */ = {
			isa = PBXGroup;
			children = (
				832D956819D090610083BC87 /* OperationTestObjC.app */,
				832D958119D090620083BC87 /* OperationTestObjCTests.xctest */,
			);
			name = Products;
			sourceTree = "<group>";
		};
		832D956A19D090610083BC87 /* OperationTestObjC */ = {
			isa = PBXGroup;
			children = (
				832D956F19D090610083BC87 /* AppDelegate.h */,
				832D957019D090610083BC87 /* AppDelegate.m */,
				832D957219D090610083BC87 /* ViewController.h */,
				832D957319D090610083BC87 /* ViewController.m */,
				832D959119D090A10083BC87 /* GoodAsynchronousOperation.h */,
				832D959219D090A10083BC87 /* GoodAsynchronousOperation.m */,
				832D959519D090B30083BC87 /* BadAsynchronousOperation.h */,
				832D959619D090B30083BC87 /* BadAsynchronousOperation.m */,
				832D957519D090610083BC87 /* Main.storyboard */,
				832D957819D090610083BC87 /* Images.xcassets */,
				832D957A19D090610083BC87 /* LaunchScreen.xib */,
				832D956B19D090610083BC87 /* Supporting Files */,
			);
			path = OperationTestObjC;
			sourceTree = "<group>";
		};
		832D956B19D090610083BC87 /* Supporting Files */ = {
			isa = PBXGroup;
			children = (
				832D956C19D090610083BC87 /* Info.plist */,
				832D956D19D090610083BC87 /* main.m */,
			);
			name = "Supporting Files";
			sourceTree = "<group>";
		};
		832D958419D090620083BC87 /* OperationTestObjCTests */ = {
			isa = PBXGroup;
			children = (
				832D958719D090620083BC87 /* OperationTestObjCTests.m */,
				832D958519D090620083BC87 /* Supporting Files */,
			);
			path = OperationTestObjCTests;
			sourceTree = "<group>";
		};
		832D958519D090620083BC87 /* Supporting Files */ = {
			isa = PBXGroup;
			children = (
				832D958619D090620083BC87 /* Info.plist */,
			);
			name = "Supporting Files";
			sourceTree = "<group>";
		};
/* End PBXGroup section */

/* Begin PBXNativeTarget section */
		832D956719D090610083BC87 /* OperationTestObjC */ = {
			isa = PBXNativeTarget;
			buildConfigurationList = 832D958B19D090620083BC87 /* Build configuration list for PBXNativeTarget "OperationTestObjC" */;
			buildPhases = (
				832D956419D090610083BC87 /* Sources */,
				832D956519D090610083BC87 /* Frameworks */,
				832D956619D090610083BC87 /* Resources */,
			);
			buildRules = (
			);
			dependencies = (
			);
			name = OperationTestObjC;
			productName = OperationTestObjC;
			productReference = 832D956819D090610083BC87 /* OperationTestObjC.app */;
			productType = "com.apple.product-type.application";
		};
		832D958019D090620083BC87 /* OperationTestObjCTests */ = {
			isa = PBXNativeTarget;
			buildConfigurationList = 832D958E19D090620083BC87 /* Build configuration list for PBXNativeTarget "OperationTestObjCTests" */;
			buildPhases = (
				832D957D19D090620083BC87 /* Sources */,
				832D957E19D090620083BC87 /* Frameworks */,
				832D957F19D090620083BC87 /* Resources */,
			);
			buildRules = (
			);
			dependencies = (
				832D958319D090620083BC87 /* PBXTargetDependency */,
			);
			name = OperationTestObjCTests;
			productName = OperationTestObjCTests;
			productReference = 832D958119D090620083BC87 /* OperationTestObjCTests.xctest */;
			productType = "com.apple.product-type.bundle.unit-test";
		};
/* End PBXNativeTarget section */

/* Begin PBXProject section */
		832D956019D090610083BC87 /* Project object */ = {
			isa = PBXProject;
			attributes = {
				LastUpgradeCheck = 0600;
				ORGANIZATIONNAME = "Robert Ryan";
				TargetAttributes = {
					832D956719D090610083BC87 = {
						CreatedOnToolsVersion = 6.0.1;
					};
					832D958019D090620083BC87 = {
						CreatedOnToolsVersion = 6.0.1;
						TestTargetID = 832D956719D090610083BC87;
					};
				};
			};
			buildConfigurationList = 832D956319D090610083BC87 /* Build configuration list for PBXProject "OperationTestObjC" */;
			compatibilityVersion = "Xcode 3.2";
			developmentRegion = English;
			hasScannedForEncodings = 0;
			knownRegions = (
				en,
				Base,
			);
			mainGroup = 832D955F19D090610083BC87;
			productRefGroup = 832D956919D090610083BC87 /* Products */;
			projectDirPath = "";
			projectRoot = "";
			targets = (
				832D956719D090610083BC87 /* OperationTestObjC */,
				832D958019D090620083BC87 /* OperationTestObjCTests */,
			);
		};
/* End PBXProject section */

/* Begin PBXResourcesBuildPhase section */
		832D956619D090610083BC87 /* Resources */ = {
			isa = PBXResourcesBuildPhase;
			buildActionMask = 2147483647;
			files = (
				832D957719D090610083BC87 /* Main.storyboard in Resources */,
				832D957C19D090610083BC87 /* LaunchScreen.xib in Resources */,
				832D957919D090610083BC87 /* Images.xcassets in Resources */,
			);
			runOnlyForDeploymentPostprocessing = 0;
		};
		832D957F19D090620083BC87 /* Resources */ = {
			isa = PBXResourcesBuildPhase;
			buildActionMask = 2147483647;
			files = (
			);
			runOnlyForDeploymentPostprocessing = 0;
		};
/* End PBXResourcesBuildPhase section */

/* Begin PBXSourcesBuildPhase section */
		832D956419D090610083BC87 /* Sources */ = {
			isa = PBXSourcesBuildPhase;
			buildActionMask = 2147483647;
			files = (
				832D959319D090A10083BC87 /* GoodAsynchronousOperation.m in Sources */,
				832D957419D090610083BC87 /* ViewController.m in Sources */,
				832D957119D090610083BC87 /* AppDelegate.m in Sources */,
				832D956E19D090610083BC87 /* main.m in Sources */,
				832D959719D090B30083BC87 /* BadAsynchronousOperation.m in Sources */,
			);
			runOnlyForDeploymentPostprocessing = 0;
		};
		832D957D19D090620083BC87 /* Sources */ = {
			isa = PBXSourcesBuildPhase;
			buildActionMask = 2147483647;
			files = (
				832D959819D090B30083BC87 /* BadAsynchronousOperation.m in Sources */,
				832D959419D090A10083BC87 /* GoodAsynchronousOperation.m in Sources */,
				832D958819D090620083BC87 /* OperationTestObjCTests.m in Sources */,
			);
			runOnlyForDeploymentPostprocessing = 0;
		};
/* End PBXSourcesBuildPhase section */

/* Begin PBXTargetDependency section */
		832D958319D090620083BC87 /* PBXTargetDependency */ = {
			isa = PBXTargetDependency;
			target = 832D956719D090610083BC87 /* OperationTestObjC */;
			targetProxy = 832D958219D090620083BC87 /* PBXContainerItemProxy */;
		};
/* End PBXTargetDependency section */

/* Begin PBXVariantGroup section */
		832D957519D090610083BC87 /* Main.storyboard */ = {
			isa = PBXVariantGroup;
			children = (
				832D957619D090610083BC87 /* Base */,
			);
			name = Main.storyboard;
			sourceTree = "<group>";
		};
		832D957A19D090610083BC87 /* LaunchScreen.xib */ = {
			isa = PBXVariantGroup;
			children = (
				832D957B19D090610083BC87 /* Base */,
			);
			name = LaunchScreen.xib;
			sourceTree = "<group>";
		};
/* End PBXVariantGroup section */

/* Begin XCBuildConfiguration section */
		832D958919D090620083BC87 /* Debug */ = {
			isa = XCBuildConfiguration;
			buildSettings = {
				ALWAYS_SEARCH_USER_PATHS = NO;
				CLANG_CXX_LANGUAGE_STANDARD = "gnu++0x";
				CLANG_CXX_LIBRARY = "libc++";
				CLANG_ENABLE_MODULES = YES;
				CLANG_ENABLE_OBJC_ARC = YES;
				CLANG_WARN_BOOL_CONVERSION = YES;
				CLANG_WARN_CONSTANT_CONVERSION = YES;
				CLANG_WARN_DIRECT_OBJC_ISA_USAGE = YES_ERROR;
				CLANG_WARN_EMPTY_BODY = YES;
				CLANG_WARN_ENUM_CONVERSION = YES;
				CLANG_WARN_INT_CONVERSION = YES;
				CLANG_WARN_OBJC_ROOT_CLASS = YES_ERROR;
				CLANG_WARN_UNREACHABLE_CODE = YES;
				CLANG_WARN__DUPLICATE_METHOD_MATCH = YES;
				"CODE_SIGN_IDENTITY[sdk=iphoneos*]" = "iPhone Developer";
				COPY_PHASE_STRIP = NO;
				ENABLE_STRICT_OBJC_MSGSEND = YES;
				GCC_C_LANGUAGE_STANDARD = gnu99;
				GCC_DYNAMIC_NO_PIC = NO;
				GCC_OPTIMIZATION_LEVEL = 0;
				GCC_PREPROCESSOR_DEFINITIONS = (
					"DEBUG=1",
					"$(inherited)",
				);
				GCC_SYMBOLS_PRIVATE_EXTERN = NO;
				GCC_WARN_64_TO_32_BIT_CONVERSION = YES;
				GCC_WARN_ABOUT_RETURN_TYPE = YES_ERROR;
				GCC_WARN_UNDECLARED_SELECTOR = YES;
				GCC_WARN_UNINITIALIZED_AUTOS = YES_AGGRESSIVE;
				GCC_WARN_UNUSED_FUNCTION = YES;
				GCC_WARN_UNUSED_VARIABLE = YES;
				IPHONEOS_DEPLOYMENT_TARGET = 8.0;
				MTL_ENABLE_DEBUG_INFO = YES;
				ONLY_ACTIVE_ARCH = YES;
				SDKROOT = iphoneos;
			};
			name = Debug;
		};
		832D958A19D090620083BC87 /* Release */ = {
			isa = XCBuildConfiguration;
			buildSettings = {
				ALWAYS_SEARCH_USER_PATHS = NO;
				CLANG_CXX_LANGUAGE_STANDARD = "gnu++0x";
				CLANG_CXX_LIBRARY = "libc++";
				CLANG_ENABLE_MODULES = YES;
				CLANG_ENABLE_OBJC_ARC = YES;
				CLANG_WARN_BOOL_CONVERSION = YES;
				CLANG_WARN_CONSTANT_CONVERSION = YES;
				CLANG_WARN_DIRECT_OBJC_ISA_USAGE = YES_ERROR;
				CLANG_WARN_EMPTY_BODY = YES;
				CLANG_WARN_ENUM_CONVERSION = YES;
				CLANG_WARN_INT_CONVERSION = YES;
				CLANG_WARN_OBJC_ROOT_CLASS = YES_ERROR;
				CLANG_WARN_UNREACHABLE_CODE = YES;
				CLANG_WARN__DUPLICATE_METHOD_MATCH = YES;
				"CODE_SIGN_IDENTITY[sdk=iphoneos*]" = "iPhone Developer";
				COPY_PHASE_STRIP = YES;
				ENABLE_NS_ASSERTIONS = NO;
				ENABLE_STRICT_OBJC_MSGSEND = YES;
				GCC_C_LANGUAGE_STANDARD = gnu99;
				GCC_WARN_64_TO_32_BIT_CONVERSION = YES;
				GCC_WARN_ABOUT_RETURN_TYPE = YES_ERROR;
				GCC_WARN_UNDECLARED_SELECTOR = YES;
				GCC_WARN_UNINITIALIZED_AUTOS = YES_AGGRESSIVE;
				GCC_WARN_UNUSED_FUNCTION = YES;
				GCC_WARN_UNUSED_VARIABLE = YES;
				IPHONEOS_DEPLOYMENT_TARGET = 8.0;
				MTL_ENABLE_DEBUG_INFO = NO;
				SDKROOT = iphoneos;
				VALIDATE_PRODUCT = YES;
			};
			name = Release;
		};
		832D958C19D090620083BC87 /* Debug */ = {
			isa = XCBuildConfiguration;
			buildSettings = {
				ASSETCATALOG_COMPILER_APPICON_NAME = AppIcon;
				INFOPLIST_FILE = OperationTestObjC/Info.plist;
				LD_RUNPATH_SEARCH_PATHS = "$(inherited) @executable_path/Frameworks";
				PRODUCT_NAME = "$(TARGET_NAME)";
			};
			name = Debug;
		};
		832D958D19D090620083BC87 /* Release */ = {
			isa = XCBuildConfiguration;
			buildSettings = {
				ASSETCATALOG_COMPILER_APPICON_NAME = AppIcon;
				INFOPLIST_FILE = OperationTestObjC/Info.plist;
				LD_RUNPATH_SEARCH_PATHS = "$(inherited) @executable_path/Frameworks";
				PRODUCT_NAME = "$(TARGET_NAME)";
			};
			name = Release;
		};
		832D958F19D090620083BC87 /* Debug */ = {
			isa = XCBuildConfiguration;
			buildSettings = {
				BUNDLE_LOADER = "$(TEST_HOST)";
				FRAMEWORK_SEARCH_PATHS = (
					"$(SDKROOT)/Developer/Library/Frameworks",
					"$(inherited)",
				);
				GCC_PREPROCESSOR_DEFINITIONS = (
					"DEBUG=1",
					"$(inherited)",
				);
				INFOPLIST_FILE = OperationTestObjCTests/Info.plist;
				LD_RUNPATH_SEARCH_PATHS = "$(inherited) @executable_path/Frameworks @loader_path/Frameworks";
				PRODUCT_NAME = "$(TARGET_NAME)";
				TEST_HOST = "$(BUILT_PRODUCTS_DIR)/OperationTestObjC.app/OperationTestObjC";
			};
			name = Debug;
		};
		832D959019D090620083BC87 /* Release */ = {
			isa = XCBuildConfiguration;
			buildSettings = {
				BUNDLE_LOADER = "$(TEST_HOST)";
				FRAMEWORK_SEARCH_PATHS = (
					"$(SDKROOT)/Developer/Library/Frameworks",
					"$(inherited)",
				);
				INFOPLIST_FILE = OperationTestObjCTests/Info.plist;
				LD_RUNPATH_SEARCH_PATHS = "$(inherited) @executable_path/Frameworks @loader_path/Frameworks";
				PRODUCT_NAME = "$(TARGET_NAME)";
				TEST_HOST = "$(BUILT_PRODUCTS_DIR)/OperationTestObjC.app/OperationTestObjC";
			};
			name = Release;
		};
/* End XCBuildConfiguration section */

/* Begin XCConfigurationList section */
		832D956319D090610083BC87 /* Build configuration list for PBXProject "OperationTestObjC" */ = {
			isa = XCConfigurationList;
			buildConfigurations = (
				832D958919D090620083BC87 /* Debug */,
				832D958A19D090620083BC87 /* Release */,
			);
			defaultConfigurationIsVisible = 0;
			defaultConfigurationName = Release;
		};
		832D958B19D090620083BC87 /* Build configuration list for PBXNativeTarget "OperationTestObjC" */ = {
			isa = XCConfigurationList;
			buildConfigurations = (
				832D958C19D090620083BC87 /* Debug */,
				832D958D19D090620083BC87 /* Release */,
			);
			defaultConfigurationIsVisible = 0;
		};
		832D958E19D090620083BC87 /* Build configuration list for PBXNativeTarget "OperationTestObjCTests" */ = {
			isa = XCConfigurationList;
			buildConfigurations = (
				832D958F19D090620083BC87 /* Debug */,
				832D959019D090620083BC87 /* Release */,
			);
			defaultConfigurationIsVisible = 0;
		};
/* End XCConfigurationList section */
	};
	rootObject = 832D956019D090610083BC87 /* Project object */;
}
